
Microsoft Visual Studio Solution File, Format Version 12.00
# Visual Studio 15
VisualStudioVersion = 15.0.28010.2026
MinimumVisualStudioVersion = 10.0.40219.1
Project("{A07B5EB6-E848-4116-A8D0-A826331D98C6}") = "NanoFabric_ServiceFabric", "NanoFabric-ServiceFabric\NanoFabric_ServiceFabric.sfproj", "{7E70714E-57E3-4D14-AE0C-C31D0995699C}"
EndProject
Project("{2150E333-8FDC-42A3-9474-1A3956D46DE8}") = "3 Gateway (Ocelot)", "3 Gateway (Ocelot)", "{CE134F01-F76B-487D-8E21-B03E38BE1ACF}"
EndProject
Project("{9A19103F-16F7-4668-BE54-9A1E7A4F7556}") = "Gateway", "Gateway\Gateway.csproj", "{6D72B212-FDBD-4FA9-AEA1-ED510CBC2AB1}"
EndProject
Project("{9A19103F-16F7-4668-BE54-9A1E7A4F7556}") = "ServiceOAuth", "ServiceOAuth\ServiceOAuth.csproj", "{062BF85B-60B5-4F9A-B999-FDAF2FAA987F}"
EndProject
Project("{2150E333-8FDC-42A3-9474-1A3956D46DE8}") = "2 IdentityServer 4", "2 IdentityServer 4", "{887E702A-FDC4-4606-AF11-B9865776C908}"
EndProject
Project("{2150E333-8FDC-42A3-9474-1A3956D46DE8}") = "5 Frontend(52ABP)", "5 Frontend(52ABP)", "{C3FD34D2-A4BE-4C58-B132-C7ECD9AE74FB}"
EndProject
Project("{2150E333-8FDC-42A3-9474-1A3956D46DE8}") = "4 Microservices", "4 Microservices", "{F0CBE0A6-D074-41EB-B4ED-81B09F4C4836}"
EndProject
Project("{2150E333-8FDC-42A3-9474-1A3956D46DE8}") = "1 Service Fabric Application", "1 Service Fabric Application", "{5AA98B51-96D5-4190-9173-304B849C448F}"
EndProject
Project("{2150E333-8FDC-42A3-9474-1A3956D46DE8}") = "Solution Items", "Solution Items", "{B284B626-4C1F-479A-B44C-816F52F2BA44}"
	ProjectSection(SolutionItems) = preProject
		.gitattributes = .gitattributes
		.gitignore = .gitignore
		README.md = README.md
	EndProjectSection
EndProject
Project("{2150E333-8FDC-42A3-9474-1A3956D46DE8}") = "01 - ServiceA", "01 - ServiceA", "{9168EE89-0A52-404D-BBF6-C71DCDDD0FA0}"
EndProject
Project("{9A19103F-16F7-4668-BE54-9A1E7A4F7556}") = "ServiceA", "ServiceA\ServiceA.csproj", "{97471B6E-42A0-4FDA-BE4C-33D6D6FF77F3}"
EndProject
Project("{9A19103F-16F7-4668-BE54-9A1E7A4F7556}") = "FrontendConsoleApp", "FrontendConsoleApp\FrontendConsoleApp.csproj", "{86128F8B-D084-4A70-B5D3-20C61D0F2703}"
EndProject
Project("{2150E333-8FDC-42A3-9474-1A3956D46DE8}") = "52ABP_HostApi", "52ABP_HostApi", "{AFE29E48-6AE8-4273-844C-BD33704F8D2B}"
EndProject
Project("{9A19103F-16F7-4668-BE54-9A1E7A4F7556}") = "LTMCompanyNameFree.YoyoCmsTemplate.EntityFrameworkCore", "..\LTMCompanyNameFree.YoyoCmsTemplate\src\aspnet-core\src\LTMCompanyNameFree.YoyoCmsTemplate.EntityFrameworkCore\LTMCompanyNameFree.YoyoCmsTemplate.EntityFrameworkCore.csproj", "{E41CC50E-C78A-48CC-BFB5-DA270B38449B}"
EndProject
Project("{9A19103F-16F7-4668-BE54-9A1E7A4F7556}") = "LTMCompanyNameFree.YoyoCmsTemplate.Core", "..\LTMCompanyNameFree.YoyoCmsTemplate\src\aspnet-core\src\LTMCompanyNameFree.YoyoCmsTemplate.Core\LTMCompanyNameFree.YoyoCmsTemplate.Core.csproj", "{690AE99E-EBA6-4390-9A1E-E937A8196EBD}"
EndProject
Project("{9A19103F-16F7-4668-BE54-9A1E7A4F7556}") = "LTMCompanyNameFree.YoyoCmsTemplate.Migrator", "..\LTMCompanyNameFree.YoyoCmsTemplate\src\aspnet-core\src\LTMCompanyNameFree.YoyoCmsTemplate.Migrator\LTMCompanyNameFree.YoyoCmsTemplate.Migrator.csproj", "{D3E7F86B-B6E5-4936-A788-7FAD35502637}"
EndProject
Project("{FAE04EC0-301F-11D3-BF4B-00C04F79EFBC}") = "ServiceUser", "ServiceUser\ServiceUser.csproj", "{5D89C8E7-66AC-4052-BFDE-4949FFC2635E}"
EndProject
Global
	GlobalSection(SolutionConfigurationPlatforms) = preSolution
		Debug|Any CPU = Debug|Any CPU
		Debug|x64 = Debug|x64
		Release|Any CPU = Release|Any CPU
		Release|x64 = Release|x64
	EndGlobalSection
	GlobalSection(ProjectConfigurationPlatforms) = postSolution
		{7E70714E-57E3-4D14-AE0C-C31D0995699C}.Debug|Any CPU.ActiveCfg = Debug|x64
		{7E70714E-57E3-4D14-AE0C-C31D0995699C}.Debug|x64.ActiveCfg = Debug|x64
		{7E70714E-57E3-4D14-AE0C-C31D0995699C}.Debug|x64.Build.0 = Debug|x64
		{7E70714E-57E3-4D14-AE0C-C31D0995699C}.Debug|x64.Deploy.0 = Debug|x64
		{7E70714E-57E3-4D14-AE0C-C31D0995699C}.Release|Any CPU.ActiveCfg = Release|x64
		{7E70714E-57E3-4D14-AE0C-C31D0995699C}.Release|x64.ActiveCfg = Release|x64
		{7E70714E-57E3-4D14-AE0C-C31D0995699C}.Release|x64.Build.0 = Release|x64
		{7E70714E-57E3-4D14-AE0C-C31D0995699C}.Release|x64.Deploy.0 = Release|x64
		{6D72B212-FDBD-4FA9-AEA1-ED510CBC2AB1}.Debug|Any CPU.ActiveCfg = Debug|Any CPU
		{6D72B212-FDBD-4FA9-AEA1-ED510CBC2AB1}.Debug|Any CPU.Build.0 = Debug|Any CPU
		{6D72B212-FDBD-4FA9-AEA1-ED510CBC2AB1}.Debug|x64.ActiveCfg = Debug|Any CPU
		{6D72B212-FDBD-4FA9-AEA1-ED510CBC2AB1}.Debug|x64.Build.0 = Debug|Any CPU
		{6D72B212-FDBD-4FA9-AEA1-ED510CBC2AB1}.Release|Any CPU.ActiveCfg = Release|Any CPU
		{6D72B212-FDBD-4FA9-AEA1-ED510CBC2AB1}.Release|Any CPU.Build.0 = Release|Any CPU
		{6D72B212-FDBD-4FA9-AEA1-ED510CBC2AB1}.Release|x64.ActiveCfg = Release|Any CPU
		{6D72B212-FDBD-4FA9-AEA1-ED510CBC2AB1}.Release|x64.Build.0 = Release|Any CPU
		{062BF85B-60B5-4F9A-B999-FDAF2FAA987F}.Debug|Any CPU.ActiveCfg = Debug|Any CPU
		{062BF85B-60B5-4F9A-B999-FDAF2FAA987F}.Debug|Any CPU.Build.0 = Debug|Any CPU
		{062BF85B-60B5-4F9A-B999-FDAF2FAA987F}.Debug|x64.ActiveCfg = Debug|Any CPU
		{062BF85B-60B5-4F9A-B999-FDAF2FAA987F}.Debug|x64.Build.0 = Debug|Any CPU
		{062BF85B-60B5-4F9A-B999-FDAF2FAA987F}.Release|Any CPU.ActiveCfg = Release|Any CPU
		{062BF85B-60B5-4F9A-B999-FDAF2FAA987F}.Release|Any CPU.Build.0 = Release|Any CPU
		{062BF85B-60B5-4F9A-B999-FDAF2FAA987F}.Release|x64.ActiveCfg = Release|Any CPU
		{062BF85B-60B5-4F9A-B999-FDAF2FAA987F}.Release|x64.Build.0 = Release|Any CPU
		{97471B6E-42A0-4FDA-BE4C-33D6D6FF77F3}.Debug|Any CPU.ActiveCfg = Debug|Any CPU
		{97471B6E-42A0-4FDA-BE4C-33D6D6FF77F3}.Debug|Any CPU.Build.0 = Debug|Any CPU
		{97471B6E-42A0-4FDA-BE4C-33D6D6FF77F3}.Debug|x64.ActiveCfg = Debug|Any CPU
		{97471B6E-42A0-4FDA-BE4C-33D6D6FF77F3}.Debug|x64.Build.0 = Debug|Any CPU
		{97471B6E-42A0-4FDA-BE4C-33D6D6FF77F3}.Release|Any CPU.ActiveCfg = Release|Any CPU
		{97471B6E-42A0-4FDA-BE4C-33D6D6FF77F3}.Release|Any CPU.Build.0 = Release|Any CPU
		{97471B6E-42A0-4FDA-BE4C-33D6D6FF77F3}.Release|x64.ActiveCfg = Release|Any CPU
		{97471B6E-42A0-4FDA-BE4C-33D6D6FF77F3}.Release|x64.Build.0 = Release|Any CPU
		{86128F8B-D084-4A70-B5D3-20C61D0F2703}.Debug|Any CPU.ActiveCfg = Debug|Any CPU
		{86128F8B-D084-4A70-B5D3-20C61D0F2703}.Debug|Any CPU.Build.0 = Debug|Any CPU
		{86128F8B-D084-4A70-B5D3-20C61D0F2703}.Debug|x64.ActiveCfg = Debug|Any CPU
		{86128F8B-D084-4A70-B5D3-20C61D0F2703}.Debug|x64.Build.0 = Debug|Any CPU
		{86128F8B-D084-4A70-B5D3-20C61D0F2703}.Release|Any CPU.ActiveCfg = Release|Any CPU
		{86128F8B-D084-4A70-B5D3-20C61D0F2703}.Release|Any CPU.Build.0 = Release|Any CPU
		{86128F8B-D084-4A70-B5D3-20C61D0F2703}.Release|x64.ActiveCfg = Release|Any CPU
		{86128F8B-D084-4A70-B5D3-20C61D0F2703}.Release|x64.Build.0 = Release|Any CPU
		{E41CC50E-C78A-48CC-BFB5-DA270B38449B}.Debug|Any CPU.ActiveCfg = Debug|Any CPU
		{E41CC50E-C78A-48CC-BFB5-DA270B38449B}.Debug|Any CPU.Build.0 = Debug|Any CPU
		{E41CC50E-C78A-48CC-BFB5-DA270B38449B}.Debug|x64.ActiveCfg = Debug|Any CPU
		{E41CC50E-C78A-48CC-BFB5-DA270B38449B}.Debug|x64.Build.0 = Debug|Any CPU
		{E41CC50E-C78A-48CC-BFB5-DA270B38449B}.Release|Any CPU.ActiveCfg = Release|Any CPU
		{E41CC50E-C78A-48CC-BFB5-DA270B38449B}.Release|Any CPU.Build.0 = Release|Any CPU
		{E41CC50E-C78A-48CC-BFB5-DA270B38449B}.Release|x64.ActiveCfg = Release|Any CPU
		{E41CC50E-C78A-48CC-BFB5-DA270B38449B}.Release|x64.Build.0 = Release|Any CPU
		{690AE99E-EBA6-4390-9A1E-E937A8196EBD}.Debug|Any CPU.ActiveCfg = Debug|Any CPU
		{690AE99E-EBA6-4390-9A1E-E937A8196EBD}.Debug|Any CPU.Build.0 = Debug|Any CPU
		{690AE99E-EBA6-4390-9A1E-E937A8196EBD}.Debug|x64.ActiveCfg = Debug|Any CPU
		{690AE99E-EBA6-4390-9A1E-E937A8196EBD}.Debug|x64.Build.0 = Debug|Any CPU
		{690AE99E-EBA6-4390-9A1E-E937A8196EBD}.Release|Any CPU.ActiveCfg = Release|Any CPU
		{690AE99E-EBA6-4390-9A1E-E937A8196EBD}.Release|Any CPU.Build.0 = Release|Any CPU
		{690AE99E-EBA6-4390-9A1E-E937A8196EBD}.Release|x64.ActiveCfg = Release|Any CPU
		{690AE99E-EBA6-4390-9A1E-E937A8196EBD}.Release|x64.Build.0 = Release|Any CPU
		{D3E7F86B-B6E5-4936-A788-7FAD35502637}.Debug|Any CPU.ActiveCfg = Debug|Any CPU
		{D3E7F86B-B6E5-4936-A788-7FAD35502637}.Debug|Any CPU.Build.0 = Debug|Any CPU
		{D3E7F86B-B6E5-4936-A788-7FAD35502637}.Debug|x64.ActiveCfg = Debug|Any CPU
		{D3E7F86B-B6E5-4936-A788-7FAD35502637}.Debug|x64.Build.0 = Debug|Any CPU
		{D3E7F86B-B6E5-4936-A788-7FAD35502637}.Release|Any CPU.ActiveCfg = Release|Any CPU
		{D3E7F86B-B6E5-4936-A788-7FAD35502637}.Release|Any CPU.Build.0 = Release|Any CPU
		{D3E7F86B-B6E5-4936-A788-7FAD35502637}.Release|x64.ActiveCfg = Release|Any CPU
		{D3E7F86B-B6E5-4936-A788-7FAD35502637}.Release|x64.Build.0 = Release|Any CPU
		{5D89C8E7-66AC-4052-BFDE-4949FFC2635E}.Debug|Any CPU.ActiveCfg = Debug|Any CPU
		{5D89C8E7-66AC-4052-BFDE-4949FFC2635E}.Debug|Any CPU.Build.0 = Debug|Any CPU
		{5D89C8E7-66AC-4052-BFDE-4949FFC2635E}.Debug|x64.ActiveCfg = Debug|Any CPU
		{5D89C8E7-66AC-4052-BFDE-4949FFC2635E}.Debug|x64.Build.0 = Debug|Any CPU
		{5D89C8E7-66AC-4052-BFDE-4949FFC2635E}.Release|Any CPU.ActiveCfg = Release|Any CPU
		{5D89C8E7-66AC-4052-BFDE-4949FFC2635E}.Release|Any CPU.Build.0 = Release|Any CPU
		{5D89C8E7-66AC-4052-BFDE-4949FFC2635E}.Release|x64.ActiveCfg = Release|Any CPU
		{5D89C8E7-66AC-4052-BFDE-4949FFC2635E}.Release|x64.Build.0 = Release|Any CPU
	EndGlobalSection
	GlobalSection(SolutionProperties) = preSolution
		HideSolutionNode = FALSE
	EndGlobalSection
	GlobalSection(NestedProjects) = preSolution
		{7E70714E-57E3-4D14-AE0C-C31D0995699C} = {5AA98B51-96D5-4190-9173-304B849C448F}
		{6D72B212-FDBD-4FA9-AEA1-ED510CBC2AB1} = {CE134F01-F76B-487D-8E21-B03E38BE1ACF}
		{062BF85B-60B5-4F9A-B999-FDAF2FAA987F} = {887E702A-FDC4-4606-AF11-B9865776C908}
		{9168EE89-0A52-404D-BBF6-C71DCDDD0FA0} = {F0CBE0A6-D074-41EB-B4ED-81B09F4C4836}
		{97471B6E-42A0-4FDA-BE4C-33D6D6FF77F3} = {9168EE89-0A52-404D-BBF6-C71DCDDD0FA0}
		{86128F8B-D084-4A70-B5D3-20C61D0F2703} = {C3FD34D2-A4BE-4C58-B132-C7ECD9AE74FB}
		{AFE29E48-6AE8-4273-844C-BD33704F8D2B} = {C3FD34D2-A4BE-4C58-B132-C7ECD9AE74FB}
		{E41CC50E-C78A-48CC-BFB5-DA270B38449B} = {AFE29E48-6AE8-4273-844C-BD33704F8D2B}
		{690AE99E-EBA6-4390-9A1E-E937A8196EBD} = {AFE29E48-6AE8-4273-844C-BD33704F8D2B}
		{D3E7F86B-B6E5-4936-A788-7FAD35502637} = {AFE29E48-6AE8-4273-844C-BD33704F8D2B}
		{5D89C8E7-66AC-4052-BFDE-4949FFC2635E} = {C3FD34D2-A4BE-4C58-B132-C7ECD9AE74FB}
	EndGlobalSection
	GlobalSection(ExtensibilityGlobals) = postSolution
		SolutionGuid = {48D71DA5-E339-4373-9156-2D72D67E53EF}
	EndGlobalSection
EndGlobal
